
Microsoft Visual Studio Solution File, Format Version 12.00
# Visual Studio 2017
Project("{FAE04EC0-301F-11D3-BF4B-00C04F79EFBC}") = "Cloning", "Cloning.csproj", "{354BFC94-C807-8FC0-E90A-00EA0F96F2C6}"
EndProject
Global
	GlobalSection(SolutionConfigurationPlatforms) = preSolution
		Debug|Any CPU = Debug|Any CPU
		Release|Any CPU = Release|Any CPU
	EndGlobalSection
	GlobalSection(ProjectConfigurationPlatforms) = postSolution
		{354BFC94-C807-8FC0-E90A-00EA0F96F2C6}.Debug|Any CPU.ActiveCfg = Debug|Any CPU
		{354BFC94-C807-8FC0-E90A-00EA0F96F2C6}.Debug|Any CPU.Build.0 = Debug|Any CPU
		{354BFC94-C807-8FC0-E90A-00EA0F96F2C6}.Release|Any CPU.ActiveCfg = Release|Any CPU
		{354BFC94-C807-8FC0-E90A-00EA0F96F2C6}.Release|Any CPU.Build.0 = Release|Any CPU
	EndGlobalSection
	GlobalSection(SolutionProperties) = preSolution
		HideSolutionNode = FALSE
	EndGlobalSection
EndGlobal
